<?xml version="1.0" encoding="utf-8"?>
<Project ToolsVersion="4.0" xmlns="http://schemas.microsoft.com/developer/msbuild/2003">
  <ItemGroup>
    <Filter Include="H" />
    <Filter Include="H\_" />
    <Filter Include="H\_\Extra" />
  </ItemGroup>
  <ItemGroup>
    <ClCompile Include="Sources\ToolClasses\Singleton.cpp" />
    <ClCompile Include="Sources\Auto.cpp" />
    <ClCompile Include="Sources\Main.cpp" />
    <ClCompile Include="Sources\ToolClasses\FinalClass.cpp" />
  </ItemGroup>
  <ItemGroup>
    <ClInclude Include="Headers\Auto.h" />
    <ClInclude Include="Headers\stdafx.h" />
    <ClInclude Include="Headers\ToolClasses\Singleton.h" />
    <ClInclude Include="Headers\ToolClasses\FinalClass.h" />
    <ClInclude Include="Headers\Enums.h" />
  </ItemGroup>
  <ItemGroup>
    <None Include="icon.ico">
      <Filter>H\_\Extra</Filter>
    </None>
  </ItemGroup>
</Project>